// !$*UTF8*$!
{
	archiveVersion = 1;
	classes = {
	};
	objectVersion = 46;
	objects = {

/* Begin PBXBuildFile section */
		999023381984EA6700157880 /* Foundation.framework in Frameworks */ = {isa = PBXBuildFile; fileRef = 999023371984EA6700157880 /* Foundation.framework */; };
		9990233A1984EA6700157880 /* CoreGraphics.framework in Frameworks */ = {isa = PBXBuildFile; fileRef = 999023391984EA6700157880 /* CoreGraphics.framework */; };
		9990233C1984EA6700157880 /* UIKit.framework in Frameworks */ = {isa = PBXBuildFile; fileRef = 9990233B1984EA6700157880 /* UIKit.framework */; };
		999023421984EA6700157880 /* InfoPlist.strings in Resources */ = {isa = PBXBuildFile; fileRef = 999023401984EA6700157880 /* InfoPlist.strings */; };
		999023441984EA6700157880 /* main.m in Sources */ = {isa = PBXBuildFile; fileRef = 999023431984EA6700157880 /* main.m */; };
		999023481984EA6700157880 /* MettaNationAppDelegate.m in Sources */ = {isa = PBXBuildFile; fileRef = 999023471984EA6700157880 /* MettaNationAppDelegate.m */; };
		9990234A1984EA6700157880 /* Images.xcassets in Resources */ = {isa = PBXBuildFile; fileRef = 999023491984EA6700157880 /* Images.xcassets */; };
		999023511984EA6700157880 /* XCTest.framework in Frameworks */ = {isa = PBXBuildFile; fileRef = 999023501984EA6700157880 /* XCTest.framework */; };
		999023521984EA6700157880 /* Foundation.framework in Frameworks */ = {isa = PBXBuildFile; fileRef = 999023371984EA6700157880 /* Foundation.framework */; };
		999023531984EA6700157880 /* UIKit.framework in Frameworks */ = {isa = PBXBuildFile; fileRef = 9990233B1984EA6700157880 /* UIKit.framework */; };
		9990235B1984EA6700157880 /* InfoPlist.strings in Resources */ = {isa = PBXBuildFile; fileRef = 999023591984EA6700157880 /* InfoPlist.strings */; };
		9990235D1984EA6700157880 /* MettaNationTests.m in Sources */ = {isa = PBXBuildFile; fileRef = 9990235C1984EA6700157880 /* MettaNationTests.m */; };
/* End PBXBuildFile section */

/* Begin PBXContainerItemProxy section */
		999023541984EA6700157880 /* PBXContainerItemProxy */ = {
			isa = PBXContainerItemProxy;
			containerPortal = 9990232C1984EA6700157880 /* Project object */;
			proxyType = 1;
			remoteGlobalIDString = 999023331984EA6700157880;
			remoteInfo = MettaNation;
		};
/* End PBXContainerItemProxy section */

/* Begin PBXFileReference section */
		999023341984EA6700157880 /* MettaNation.app */ = {isa = PBXFileReference; explicitFileType = wrapper.application; includeInIndex = 0; path = MettaNation.app; sourceTree = BUILT_PRODUCTS_DIR; };
		999023371984EA6700157880 /* Foundation.framework */ = {isa = PBXFileReference; lastKnownFileType = wrapper.framework; name = Foundation.framework; path = System/Library/Frameworks/Foundation.framework; sourceTree = SDKROOT; };
		999023391984EA6700157880 /* CoreGraphics.framework */ = {isa = PBXFileReference; lastKnownFileType = wrapper.framework; name = CoreGraphics.framework; path = System/Library/Frameworks/CoreGraphics.framework; sourceTree = SDKROOT; };
		9990233B1984EA6700157880 /* UIKit.framework */ = {isa = PBXFileReference; lastKnownFileType = wrapper.framework; name = UIKit.framework; path = System/Library/Frameworks/UIKit.framework; sourceTree = SDKROOT; };
		9990233F1984EA6700157880 /* MettaNation-Info.plist */ = {isa = PBXFileReference; lastKnownFileType = text.plist.xml; path = "MettaNation-Info.plist"; sourceTree = "<group>"; };
		999023411984EA6700157880 /* en */ = {isa = PBXFileReference; lastKnownFileType = text.plist.strings; name = en; path = en.lproj/InfoPlist.strings; sourceTree = "<group>"; };
		999023431984EA6700157880 /* main.m */ = {isa = PBXFileReference; lastKnownFileType = sourcecode.c.objc; path = main.m; sourceTree = "<group>"; };
		999023451984EA6700157880 /* MettaNation-Prefix.pch */ = {isa = PBXFileReference; lastKnownFileType = sourcecode.c.h; path = "MettaNation-Prefix.pch"; sourceTree = "<group>"; };
		999023461984EA6700157880 /* MettaNationAppDelegate.h */ = {isa = PBXFileReference; lastKnownFileType = sourcecode.c.h; path = MettaNationAppDelegate.h; sourceTree = "<group>"; };
		999023471984EA6700157880 /* MettaNationAppDelegate.m */ = {isa = PBXFileReference; lastKnownFileType = sourcecode.c.objc; path = MettaNationAppDelegate.m; sourceTree = "<group>"; };
		999023491984EA6700157880 /* Images.xcassets */ = {isa = PBXFileReference; lastKnownFileType = folder.assetcatalog; path = Images.xcassets; sourceTree = "<group>"; };
		9990234F1984EA6700157880 /* MettaNationTests.xctest */ = {isa = PBXFileReference; explicitFileType = wrapper.cfbundle; includeInIndex = 0; path = MettaNationTests.xctest; sourceTree = BUILT_PRODUCTS_DIR; };
		999023501984EA6700157880 /* XCTest.framework */ = {isa = PBXFileReference; lastKnownFileType = wrapper.framework; name = XCTest.framework; path = Library/Frameworks/XCTest.framework; sourceTree = DEVELOPER_DIR; };
		999023581984EA6700157880 /* MettaNationTests-Info.plist */ = {isa = PBXFileReference; lastKnownFileType = text.plist.xml; path = "MettaNationTests-Info.plist"; sourceTree = "<group>"; };
		9990235A1984EA6700157880 /* en */ = {isa = PBXFileReference; lastKnownFileType = text.plist.strings; name = en; path = en.lproj/InfoPlist.strings; sourceTree = "<group>"; };
		9990235C1984EA6700157880 /* MettaNationTests.m */ = {isa = PBXFileReference; lastKnownFileType = sourcecode.c.objc; path = MettaNationTests.m; sourceTree = "<group>"; };
/* End PBXFileReference section */

/* Begin PBXFrameworksBuildPhase section */
		999023311984EA6700157880 /* Frameworks */ = {
			isa = PBXFrameworksBuildPhase;
			buildActionMask = 2147483647;
			files = (
				9990233A1984EA6700157880 /* CoreGraphics.framework in Frameworks */,
				9990233C1984EA6700157880 /* UIKit.framework in Frameworks */,
				999023381984EA6700157880 /* Foundation.framework in Frameworks */,
			);
			runOnlyForDeploymentPostprocessing = 0;
		};
		9990234C1984EA6700157880 /* Frameworks */ = {
			isa = PBXFrameworksBuildPhase;
			buildActionMask = 2147483647;
			files = (
				999023511984EA6700157880 /* XCTest.framework in Frameworks */,
				999023531984EA6700157880 /* UIKit.framework in Frameworks */,
				999023521984EA6700157880 /* Foundation.framework in Frameworks */,
			);
			runOnlyForDeploymentPostprocessing = 0;
		};
/* End PBXFrameworksBuildPhase section */

/* Begin PBXGroup section */
		9990232B1984EA6700157880 = {
			isa = PBXGroup;
			children = (
				9990233D1984EA6700157880 /* MettaNation */,
				999023561984EA6700157880 /* MettaNationTests */,
				999023361984EA6700157880 /* Frameworks */,
				999023351984EA6700157880 /* Products */,
			);
			sourceTree = "<group>";
		};
		999023351984EA6700157880 /* Products */ = {
			isa = PBXGroup;
			children = (
				999023341984EA6700157880 /* MettaNation.app */,
				9990234F1984EA6700157880 /* MettaNationTests.xctest */,
			);
			name = Products;
			sourceTree = "<group>";
		};
		999023361984EA6700157880 /* Frameworks */ = {
			isa = PBXGroup;
			children = (
				999023371984EA6700157880 /* Foundation.framework */,
				999023391984EA6700157880 /* CoreGraphics.framework */,
				9990233B1984EA6700157880 /* UIKit.framework */,
				999023501984EA6700157880 /* XCTest.framework */,
			);
			name = Frameworks;
			sourceTree = "<group>";
		};
		9990233D1984EA6700157880 /* MettaNation */ = {
			isa = PBXGroup;
			children = (
				999023461984EA6700157880 /* MettaNationAppDelegate.h */,
				999023471984EA6700157880 /* MettaNationAppDelegate.m */,
				999023491984EA6700157880 /* Images.xcassets */,
				9990233E1984EA6700157880 /* Supporting Files */,
			);
			path = MettaNation;
			sourceTree = "<group>";
		};
		9990233E1984EA6700157880 /* Supporting Files */ = {
			isa = PBXGroup;
			children = (
				9990233F1984EA6700157880 /* MettaNation-Info.plist */,
				999023401984EA6700157880 /* InfoPlist.strings */,
				999023431984EA6700157880 /* main.m */,
				999023451984EA6700157880 /* MettaNation-Prefix.pch */,
			);
			name = "Supporting Files";
			sourceTree = "<group>";
		};
		999023561984EA6700157880 /* MettaNationTests */ = {
			isa = PBXGroup;
			children = (
				9990235C1984EA6700157880 /* MettaNationTests.m */,
				999023571984EA6700157880 /* Supporting Files */,
			);
			path = MettaNationTests;
			sourceTree = "<group>";
		};
		999023571984EA6700157880 /* Supporting Files */ = {
			isa = PBXGroup;
			children = (
				999023581984EA6700157880 /* MettaNationTests-Info.plist */,
				999023591984EA6700157880 /* InfoPlist.strings */,
			);
			name = "Supporting Files";
			sourceTree = "<group>";
		};
/* End PBXGroup section */

/* Begin PBXNativeTarget section */
		999023331984EA6700157880 /* MettaNation */ = {
			isa = PBXNativeTarget;
			buildConfigurationList = 999023601984EA6700157880 /* Build configuration list for PBXNativeTarget "MettaNation" */;
			buildPhases = (
				999023301984EA6700157880 /* Sources */,
				999023311984EA6700157880 /* Frameworks */,
				999023321984EA6700157880 /* Resources */,
			);
			buildRules = (
			);
			dependencies = (
			);
			name = MettaNation;
			productName = MettaNation;
			productReference = 999023341984EA6700157880 /* MettaNation.app */;
			productType = "com.apple.product-type.application";
		};
		9990234E1984EA6700157880 /* MettaNationTests */ = {
			isa = PBXNativeTarget;
			buildConfigurationList = 999023631984EA6700157880 /* Build configuration list for PBXNativeTarget "MettaNationTests" */;
			buildPhases = (
				9990234B1984EA6700157880 /* Sources */,
				9990234C1984EA6700157880 /* Frameworks */,
				9990234D1984EA6700157880 /* Resources */,
			);
			buildRules = (
			);
			dependencies = (
				999023551984EA6700157880 /* PBXTargetDependency */,
			);
			name = MettaNationTests;
			productName = MettaNationTests;
			productReference = 9990234F1984EA6700157880 /* MettaNationTests.xctest */;
			productType = "com.apple.product-type.bundle.unit-test";
		};
/* End PBXNativeTarget section */

/* Begin PBXProject section */
		9990232C1984EA6700157880 /* Project object */ = {
			isa = PBXProject;
			attributes = {
				CLASSPREFIX = MettaNation;
				LastUpgradeCheck = 0510;
				ORGANIZATIONNAME = "Mithun Vijayasekar";
				TargetAttributes = {
					9990234E1984EA6700157880 = {
						TestTargetID = 999023331984EA6700157880;
					};
				};
			};
			buildConfigurationList = 9990232F1984EA6700157880 /* Build configuration list for PBXProject "MettaNation" */;
			compatibilityVersion = "Xcode 3.2";
			developmentRegion = English;
			hasScannedForEncodings = 0;
			knownRegions = (
				en,
			);
			mainGroup = 9990232B1984EA6700157880;
			productRefGroup = 999023351984EA6700157880 /* Products */;
			projectDirPath = "";
			projectRoot = "";
			targets = (
				999023331984EA6700157880 /* MettaNation */,
				9990234E1984EA6700157880 /* MettaNationTests */,
			);
		};
/* End PBXProject section */

/* Begin PBXResourcesBuildPhase section */
		999023321984EA6700157880 /* Resources */ = {
			isa = PBXResourcesBuildPhase;
			buildActionMask = 2147483647;
			files = (
				999023421984EA6700157880 /* InfoPlist.strings in Resources */,
				9990234A1984EA6700157880 /* Images.xcassets in Resources */,
			);
			runOnlyForDeploymentPostprocessing = 0;
		};
		9990234D1984EA6700157880 /* Resources */ = {
			isa = PBXResourcesBuildPhase;
			buildActionMask = 2147483647;
			files = (
				9990235B1984EA6700157880 /* InfoPlist.strings in Resources */,
			);
			runOnlyForDeploymentPostprocessing = 0;
		};
/* End PBXResourcesBuildPhase section */

/* Begin PBXSourcesBuildPhase section */
		999023301984EA6700157880 /* Sources */ = {
			isa = PBXSourcesBuildPhase;
			buildActionMask = 2147483647;
			files = (
				999023441984EA6700157880 /* main.m in Sources */,
				999023481984EA6700157880 /* MettaNationAppDelegate.m in Sources */,
			);
			runOnlyForDeploymentPostprocessing = 0;
		};
		9990234B1984EA6700157880 /* Sources */ = {
			isa = PBXSourcesBuildPhase;
			buildActionMask = 2147483647;
			files = (
				9990235D1984EA6700157880 /* MettaNationTests.m in Sources */,
			);
			runOnlyForDeploymentPostprocessing = 0;
		};
/* End PBXSourcesBuildPhase section */

/* Begin PBXTargetDependency section */
		999023551984EA6700157880 /* PBXTargetDependency */ = {
			isa = PBXTargetDependency;
			target = 999023331984EA6700157880 /* MettaNation */;
			targetProxy = 999023541984EA6700157880 /* PBXContainerItemProxy */;
		};
/* End PBXTargetDependency section */

/* Begin PBXVariantGroup section */
		999023401984EA6700157880 /* InfoPlist.strings */ = {
			isa = PBXVariantGroup;
			children = (
				999023411984EA6700157880 /* en */,
			);
			name = InfoPlist.strings;
			sourceTree = "<group>";
		};
		999023591984EA6700157880 /* InfoPlist.strings */ = {
			isa = PBXVariantGroup;
			children = (
				9990235A1984EA6700157880 /* en */,
			);
			name = InfoPlist.strings;
			sourceTree = "<group>";
		};
/* End PBXVariantGroup section */

/* Begin XCBuildConfiguration section */
		9990235E1984EA6700157880 /* Debug */ = {
			isa = XCBuildConfiguration;
			buildSettings = {
				ALWAYS_SEARCH_USER_PATHS = NO;
				CLANG_CXX_LANGUAGE_STANDARD = "gnu++0x";
				CLANG_CXX_LIBRARY = "libc++";
				CLANG_ENABLE_MODULES = YES;
				CLANG_ENABLE_OBJC_ARC = YES;
				CLANG_WARN_BOOL_CONVERSION = YES;
				CLANG_WARN_CONSTANT_CONVERSION = YES;
				CLANG_WARN_DIRECT_OBJC_ISA_USAGE = YES_ERROR;
				CLANG_WARN_EMPTY_BODY = YES;
				CLANG_WARN_ENUM_CONVERSION = YES;
				CLANG_WARN_INT_CONVERSION = YES;
				CLANG_WARN_OBJC_ROOT_CLASS = YES_ERROR;
				CLANG_WARN__DUPLICATE_METHOD_MATCH = YES;
				"CODE_SIGN_IDENTITY[sdk=iphoneos*]" = "iPhone Developer";
				COPY_PHASE_STRIP = NO;
				GCC_C_LANGUAGE_STANDARD = gnu99;
				GCC_DYNAMIC_NO_PIC = NO;
				GCC_OPTIMIZATION_LEVEL = 0;
				GCC_PREPROCESSOR_DEFINITIONS = (
					"DEBUG=1",
					"$(inherited)",
				);
				GCC_SYMBOLS_PRIVATE_EXTERN = NO;
				GCC_WARN_64_TO_32_BIT_CONVERSION = YES;
				GCC_WARN_ABOUT_RETURN_TYPE = YES_ERROR;
				GCC_WARN_UNDECLARED_SELECTOR = YES;
				GCC_WARN_UNINITIALIZED_AUTOS = YES_AGGRESSIVE;
				GCC_WARN_UNUSED_FUNCTION = YES;
				GCC_WARN_UNUSED_VARIABLE = YES;
				IPHONEOS_DEPLOYMENT_TARGET = 7.1;
				ONLY_ACTIVE_ARCH = YES;
				SDKROOT = iphoneos;
			};
			name = Debug;
		};
		9990235F1984EA6700157880 /* Release */ = {
			isa = XCBuildConfiguration;
			buildSettings = {
				ALWAYS_SEARCH_USER_PATHS = NO;
				CLANG_CXX_LANGUAGE_STANDARD = "gnu++0x";
				CLANG_CXX_LIBRARY = "libc++";
				CLANG_ENABLE_MODULES = YES;
				CLANG_ENABLE_OBJC_ARC = YES;
				CLANG_WARN_BOOL_CONVERSION = YES;
				CLANG_WARN_CONSTANT_CONVERSION = YES;
				CLANG_WARN_DIRECT_OBJC_ISA_USAGE = YES_ERROR;
				CLANG_WARN_EMPTY_BODY = YES;
				CLANG_WARN_ENUM_CONVERSION = YES;
				CLANG_WARN_INT_CONVERSION = YES;
				CLANG_WARN_OBJC_ROOT_CLASS = YES_ERROR;
				CLANG_WARN__DUPLICATE_METHOD_MATCH = YES;
				"CODE_SIGN_IDENTITY[sdk=iphoneos*]" = "iPhone Developer";
				COPY_PHASE_STRIP = YES;
				ENABLE_NS_ASSERTIONS = NO;
				GCC_C_LANGUAGE_STANDARD = gnu99;
				GCC_WARN_64_TO_32_BIT_CONVERSION = YES;
				GCC_WARN_ABOUT_RETURN_TYPE = YES_ERROR;
				GCC_WARN_UNDECLARED_SELECTOR = YES;
				GCC_WARN_UNINITIALIZED_AUTOS = YES_AGGRESSIVE;
				GCC_WARN_UNUSED_FUNCTION = YES;
				GCC_WARN_UNUSED_VARIABLE = YES;
				IPHONEOS_DEPLOYMENT_TARGET = 7.1;
				SDKROOT = iphoneos;
				VALIDATE_PRODUCT = YES;
			};
			name = Release;
		};
		999023611984EA6700157880 /* Debug */ = {
			isa = XCBuildConfiguration;
			buildSettings = {
				ASSETCATALOG_COMPILER_APPICON_NAME = AppIcon;
				ASSETCATALOG_COMPILER_LAUNCHIMAGE_NAME = LaunchImage;
				GCC_PRECOMPILE_PREFIX_HEADER = YES;
				GCC_PREFIX_HEADER = "MettaNation/MettaNation-Prefix.pch";
				INFOPLIST_FILE = "MettaNation/MettaNation-Info.plist";
				PRODUCT_NAME = "$(TARGET_NAME)";
				WRAPPER_EXTENSION = app;
			};
			name = Debug;
		};
		999023621984EA6700157880 /* Release */ = {
			isa = XCBuildConfiguration;
			buildSettings = {
				ASSETCATALOG_COMPILER_APPICON_NAME = AppIcon;
				ASSETCATALOG_COMPILER_LAUNCHIMAGE_NAME = LaunchImage;
				GCC_PRECOMPILE_PREFIX_HEADER = YES;
				GCC_PREFIX_HEADER = "MettaNation/MettaNation-Prefix.pch";
				INFOPLIST_FILE = "MettaNation/MettaNation-Info.plist";
				PRODUCT_NAME = "$(TARGET_NAME)";
				WRAPPER_EXTENSION = app;
			};
			name = Release;
		};
		999023641984EA6700157880 /* Debug */ = {
			isa = XCBuildConfiguration;
			buildSettings = {
				BUNDLE_LOADER = "$(BUILT_PRODUCTS_DIR)/MettaNation.app/MettaNation";
				FRAMEWORK_SEARCH_PATHS = (
					"$(SDKROOT)/Developer/Library/Frameworks",
					"$(inherited)",
					"$(DEVELOPER_FRAMEWORKS_DIR)",
				);
				GCC_PRECOMPILE_PREFIX_HEADER = YES;
				GCC_PREFIX_HEADER = "MettaNation/MettaNation-Prefix.pch";
				GCC_PREPROCESSOR_DEFINITIONS = (
					"DEBUG=1",
					"$(inherited)",
				);
				INFOPLIST_FILE = "MettaNationTests/MettaNationTests-Info.plist";
				PRODUCT_NAME = "$(TARGET_NAME)";
				TEST_HOST = "$(BUNDLE_LOADER)";
				WRAPPER_EXTENSION = xctest;
			};
			name = Debug;
		};
		999023651984EA6700157880 /* Release */ = {
			isa = XCBuildConfiguration;
			buildSettings = {
				BUNDLE_LOADER = "$(BUILT_PRODUCTS_DIR)/MettaNation.app/MettaNation";
				FRAMEWORK_SEARCH_PATHS = (
					"$(SDKROOT)/Developer/Library/Frameworks",
					"$(inherited)",
					"$(DEVELOPER_FRAMEWORKS_DIR)",
				);
				GCC_PRECOMPILE_PREFIX_HEADER = YES;
				GCC_PREFIX_HEADER = "MettaNation/MettaNation-Prefix.pch";
				INFOPLIST_FILE = "MettaNationTests/MettaNationTests-Info.plist";
				PRODUCT_NAME = "$(TARGET_NAME)";
				TEST_HOST = "$(BUNDLE_LOADER)";
				WRAPPER_EXTENSION = xctest;
			};
			name = Release;
		};
/* End XCBuildConfiguration section */

/* Begin XCConfigurationList section */
		9990232F1984EA6700157880 /* Build configuration list for PBXProject "MettaNation" */ = {
			isa = XCConfigurationList;
			buildConfigurations = (
				9990235E1984EA6700157880 /* Debug */,
				9990235F1984EA6700157880 /* Release */,
			);
			defaultConfigurationIsVisible = 0;
			defaultConfigurationName = Release;
		};
		999023601984EA6700157880 /* Build configuration list for PBXNativeTarget "MettaNation" */ = {
			isa = XCConfigurationList;
			buildConfigurations = (
				999023611984EA6700157880 /* Debug */,
				999023621984EA6700157880 /* Release */,
			);
			defaultConfigurationIsVisible = 0;
		};
		999023631984EA6700157880 /* Build configuration list for PBXNativeTarget "MettaNationTests" */ = {
			isa = XCConfigurationList;
			buildConfigurations = (
				999023641984EA6700157880 /* Debug */,
				999023651984EA6700157880 /* Release */,
			);
			defaultConfigurationIsVisible = 0;
		};
/* End XCConfigurationList section */
	};
	rootObject = 9990232C1984EA6700157880 /* Project object */;
}
